{
  "object": {
    "pins": [
      {
        "package": "swift-argument-parser",
        "repositoryURL": "https://github.com/apple/swift-argument-parser.git",
        "state": {
          "branch": null,
          "revision": "92646c0cdbaca076c8d3d0207891785b3379cbff",
          "version": "0.3.1"
        }
      },
      {
        "package": "XcodeProjKit",
        "repositoryURL": "https://github.com/happn-tech/XcodeProjKit.git",
        "state": {
          "branch": null,
          "revision": "32b547798a6bfe8098821ca70532c96e9ebf724f",
          "version": "0.1.0"
        }
      }
    ]
  },
  "version": 1
}
