// !$*UTF8*$!
{
	archiveVersion = 1;
	classes = {
	};
	objectVersion = 46;
	objects = {

/* Begin PBXBuildFile section */
		7B80A9BC2236A6AB00CECD67 /* RecursiveSyncDispatch.swift in Sources */ = {isa = PBXBuildFile; fileRef = OBJ_9 /* RecursiveSyncDispatch.swift */; };
		7B99E3A32199C3010024FDBD /* RecursiveSyncDispatch.framework in Frameworks */ = {isa = PBXBuildFile; fileRef = 7B99E39A2199C3010024FDBD /* RecursiveSyncDispatch.framework */; };
		7B99E3B12199C3200024FDBD /* RecursiveSyncDispatchTests.swift in Sources */ = {isa = PBXBuildFile; fileRef = OBJ_12 /* RecursiveSyncDispatchTests.swift */; };
		7B99E3B32199C3230024FDBD /* RecursiveSyncDispatch.swift in Sources */ = {isa = PBXBuildFile; fileRef = OBJ_9 /* RecursiveSyncDispatch.swift */; };
/* End PBXBuildFile section */

/* Begin PBXContainerItemProxy section */
		7B99E3A42199C3010024FDBD /* PBXContainerItemProxy */ = {
			isa = PBXContainerItemProxy;
			containerPortal = OBJ_1 /* Project object */;
			proxyType = 1;
			remoteGlobalIDString = 7B99E3992199C3010024FDBD;
			remoteInfo = RecursiveSyncDispatch;
		};
/* End PBXContainerItemProxy section */

/* Begin PBXFileReference section */
		7B80A9C12236A6AB00CECD67 /* RecursiveSyncDispatch.framework */ = {isa = PBXFileReference; explicitFileType = wrapper.framework; includeInIndex = 0; path = RecursiveSyncDispatch.framework; sourceTree = BUILT_PRODUCTS_DIR; };
		7B99E3942199AA330024FDBD /* Readme.md */ = {isa = PBXFileReference; lastKnownFileType = net.daringfireball.markdown; path = Readme.md; sourceTree = "<group>"; wrapsLines = 1; };
		7B99E39A2199C3010024FDBD /* RecursiveSyncDispatch.framework */ = {isa = PBXFileReference; explicitFileType = wrapper.framework; includeInIndex = 0; path = RecursiveSyncDispatch.framework; sourceTree = BUILT_PRODUCTS_DIR; };
		7B99E3A22199C3010024FDBD /* RecursiveSyncDispatchTests.xctest */ = {isa = PBXFileReference; explicitFileType = wrapper.cfbundle; includeInIndex = 0; path = RecursiveSyncDispatchTests.xctest; sourceTree = BUILT_PRODUCTS_DIR; };
		7B99E3B62199C34E0024FDBD /* Test-Info.plist */ = {isa = PBXFileReference; fileEncoding = 4; lastKnownFileType = text.plist.xml; path = "Test-Info.plist"; sourceTree = "<group>"; };
		7B99E3B72199C34E0024FDBD /* Framework-Info.plist */ = {isa = PBXFileReference; fileEncoding = 4; lastKnownFileType = text.plist.xml; path = "Framework-Info.plist"; sourceTree = "<group>"; };
		7BA80D442231D60600A846EC /* License.txt */ = {isa = PBXFileReference; lastKnownFileType = text; path = License.txt; sourceTree = "<group>"; };
		OBJ_12 /* RecursiveSyncDispatchTests.swift */ = {isa = PBXFileReference; lastKnownFileType = sourcecode.swift; path = RecursiveSyncDispatchTests.swift; sourceTree = "<group>"; };
		OBJ_6 /* Package.swift */ = {isa = PBXFileReference; explicitFileType = sourcecode.swift; path = Package.swift; sourceTree = "<group>"; };
		OBJ_9 /* RecursiveSyncDispatch.swift */ = {isa = PBXFileReference; lastKnownFileType = sourcecode.swift; path = RecursiveSyncDispatch.swift; sourceTree = "<group>"; };
/* End PBXFileReference section */

/* Begin PBXFrameworksBuildPhase section */
		7B80A9BD2236A6AB00CECD67 /* Frameworks */ = {
			isa = PBXFrameworksBuildPhase;
			buildActionMask = 2147483647;
			files = (
			);
			runOnlyForDeploymentPostprocessing = 0;
		};
		7B99E3972199C3010024FDBD /* Frameworks */ = {
			isa = PBXFrameworksBuildPhase;
			buildActionMask = 2147483647;
			files = (
			);
			runOnlyForDeploymentPostprocessing = 0;
		};
		7B99E39F2199C3010024FDBD /* Frameworks */ = {
			isa = PBXFrameworksBuildPhase;
			buildActionMask = 2147483647;
			files = (
				7B99E3A32199C3010024FDBD /* RecursiveSyncDispatch.framework in Frameworks */,
			);
			runOnlyForDeploymentPostprocessing = 0;
		};
/* End PBXFrameworksBuildPhase section */

/* Begin PBXGroup section */
		7B99E3B52199C34E0024FDBD /* Xcode Supporting Files */ = {
			isa = PBXGroup;
			children = (
				7B99E3B72199C34E0024FDBD /* Framework-Info.plist */,
				7B99E3B62199C34E0024FDBD /* Test-Info.plist */,
			);
			path = "Xcode Supporting Files";
			sourceTree = "<group>";
		};
		OBJ_10 /* Tests */ = {
			isa = PBXGroup;
			children = (
				OBJ_11 /* RecursiveSyncDispatchTests */,
			);
			name = Tests;
			sourceTree = SOURCE_ROOT;
		};
		OBJ_11 /* RecursiveSyncDispatchTests */ = {
			isa = PBXGroup;
			children = (
				OBJ_12 /* RecursiveSyncDispatchTests.swift */,
			);
			name = RecursiveSyncDispatchTests;
			path = Tests/RecursiveSyncDispatchTests;
			sourceTree = SOURCE_ROOT;
		};
		OBJ_14 /* Products */ = {
			isa = PBXGroup;
			children = (
				7B99E39A2199C3010024FDBD /* RecursiveSyncDispatch.framework */,
				7B99E3A22199C3010024FDBD /* RecursiveSyncDispatchTests.xctest */,
				7B80A9C12236A6AB00CECD67 /* RecursiveSyncDispatch.framework */,
			);
			name = Products;
			sourceTree = BUILT_PRODUCTS_DIR;
		};
		OBJ_5 = {
			isa = PBXGroup;
			children = (
				7BA80D442231D60600A846EC /* License.txt */,
				7B99E3942199AA330024FDBD /* Readme.md */,
				OBJ_6 /* Package.swift */,
				OBJ_7 /* Sources */,
				OBJ_10 /* Tests */,
				7B99E3B52199C34E0024FDBD /* Xcode Supporting Files */,
				OBJ_14 /* Products */,
			);
			sourceTree = "<group>";
		};
		OBJ_7 /* Sources */ = {
			isa = PBXGroup;
			children = (
				OBJ_8 /* RecursiveSyncDispatch */,
			);
			name = Sources;
			sourceTree = SOURCE_ROOT;
		};
		OBJ_8 /* RecursiveSyncDispatch */ = {
			isa = PBXGroup;
			children = (
				OBJ_9 /* RecursiveSyncDispatch.swift */,
			);
			name = RecursiveSyncDispatch;
			path = Sources/RecursiveSyncDispatch;
			sourceTree = SOURCE_ROOT;
		};
/* End PBXGroup section */

/* Begin PBXHeadersBuildPhase section */
		7B80A9BA2236A6AB00CECD67 /* Headers */ = {
			isa = PBXHeadersBuildPhase;
			buildActionMask = 2147483647;
			files = (
			);
			runOnlyForDeploymentPostprocessing = 0;
		};
		7B99E3952199C3010024FDBD /* Headers */ = {
			isa = PBXHeadersBuildPhase;
			buildActionMask = 2147483647;
			files = (
			);
			runOnlyForDeploymentPostprocessing = 0;
		};
/* End PBXHeadersBuildPhase section */

/* Begin PBXNativeTarget section */
		7B80A9B92236A6AB00CECD67 /* RecursiveSyncDispatch-Static */ = {
			isa = PBXNativeTarget;
			buildConfigurationList = 7B80A9BE2236A6AB00CECD67 /* Build configuration list for PBXNativeTarget "RecursiveSyncDispatch-Static" */;
			buildPhases = (
				7B80A9BA2236A6AB00CECD67 /* Headers */,
				7B80A9BB2236A6AB00CECD67 /* Sources */,
				7B80A9BD2236A6AB00CECD67 /* Frameworks */,
			);
			buildRules = (
			);
			dependencies = (
			);
			name = "RecursiveSyncDispatch-Static";
			productName = RecursiveSyncDispatch;
			productReference = 7B80A9C12236A6AB00CECD67 /* RecursiveSyncDispatch.framework */;
			productType = "com.apple.product-type.framework";
		};
		7B99E3992199C3010024FDBD /* RecursiveSyncDispatch */ = {
			isa = PBXNativeTarget;
			buildConfigurationList = 7B99E3AB2199C3020024FDBD /* Build configuration list for PBXNativeTarget "RecursiveSyncDispatch" */;
			buildPhases = (
				7B99E3952199C3010024FDBD /* Headers */,
				7B99E3962199C3010024FDBD /* Sources */,
				7B99E3972199C3010024FDBD /* Frameworks */,
			);
			buildRules = (
			);
			dependencies = (
			);
			name = RecursiveSyncDispatch;
			productName = RecursiveSyncDispatch;
			productReference = 7B99E39A2199C3010024FDBD /* RecursiveSyncDispatch.framework */;
			productType = "com.apple.product-type.framework";
		};
		7B99E3A12199C3010024FDBD /* RecursiveSyncDispatchTests */ = {
			isa = PBXNativeTarget;
			buildConfigurationList = 7B99E3AE2199C3020024FDBD /* Build configuration list for PBXNativeTarget "RecursiveSyncDispatchTests" */;
			buildPhases = (
				7B99E39E2199C3010024FDBD /* Sources */,
				7B99E39F2199C3010024FDBD /* Frameworks */,
				7B99E3A02199C3010024FDBD /* Resources */,
			);
			buildRules = (
			);
			dependencies = (
				7B99E3A52199C3010024FDBD /* PBXTargetDependency */,
			);
			name = RecursiveSyncDispatchTests;
			productName = RecursiveSyncDispatchTests;
			productReference = 7B99E3A22199C3010024FDBD /* RecursiveSyncDispatchTests.xctest */;
			productType = "com.apple.product-type.bundle.unit-test";
		};
/* End PBXNativeTarget section */

/* Begin PBXProject section */
		OBJ_1 /* Project object */ = {
			isa = PBXProject;
			attributes = {
				LastSwiftUpdateCheck = 1010;
				LastUpgradeCheck = 1020;
				ORGANIZATIONNAME = happn;
				TargetAttributes = {
					7B80A9B92236A6AB00CECD67 = {
						ProvisioningStyle = Automatic;
					};
					7B99E3992199C3010024FDBD = {
						CreatedOnToolsVersion = 10.1;
						LastSwiftMigration = 1020;
						ProvisioningStyle = Automatic;
					};
					7B99E3A12199C3010024FDBD = {
						CreatedOnToolsVersion = 10.1;
						LastSwiftMigration = 1020;
						ProvisioningStyle = Automatic;
					};
				};
			};
			buildConfigurationList = OBJ_2 /* Build configuration list for PBXProject "RecursiveSyncDispatch" */;
			compatibilityVersion = "Xcode 3.2";
			developmentRegion = en;
			hasScannedForEncodings = 0;
			knownRegions = (
				en,
				Base,
			);
			mainGroup = OBJ_5;
			productRefGroup = OBJ_14 /* Products */;
			projectDirPath = "";
			projectRoot = "";
			targets = (
				7B99E3992199C3010024FDBD /* RecursiveSyncDispatch */,
				7B80A9B92236A6AB00CECD67 /* RecursiveSyncDispatch-Static */,
				7B99E3A12199C3010024FDBD /* RecursiveSyncDispatchTests */,
			);
		};
/* End PBXProject section */

/* Begin PBXResourcesBuildPhase section */
		7B99E3A02199C3010024FDBD /* Resources */ = {
			isa = PBXResourcesBuildPhase;
			buildActionMask = 2147483647;
			files = (
			);
			runOnlyForDeploymentPostprocessing = 0;
		};
/* End PBXResourcesBuildPhase section */

/* Begin PBXSourcesBuildPhase section */
		7B80A9BB2236A6AB00CECD67 /* Sources */ = {
			isa = PBXSourcesBuildPhase;
			buildActionMask = 2147483647;
			files = (
				7B80A9BC2236A6AB00CECD67 /* RecursiveSyncDispatch.swift in Sources */,
			);
			runOnlyForDeploymentPostprocessing = 0;
		};
		7B99E3962199C3010024FDBD /* Sources */ = {
			isa = PBXSourcesBuildPhase;
			buildActionMask = 2147483647;
			files = (
				7B99E3B32199C3230024FDBD /* RecursiveSyncDispatch.swift in Sources */,
			);
			runOnlyForDeploymentPostprocessing = 0;
		};
		7B99E39E2199C3010024FDBD /* Sources */ = {
			isa = PBXSourcesBuildPhase;
			buildActionMask = 2147483647;
			files = (
				7B99E3B12199C3200024FDBD /* RecursiveSyncDispatchTests.swift in Sources */,
			);
			runOnlyForDeploymentPostprocessing = 0;
		};
/* End PBXSourcesBuildPhase section */

/* Begin PBXTargetDependency section */
		7B99E3A52199C3010024FDBD /* PBXTargetDependency */ = {
			isa = PBXTargetDependency;
			target = 7B99E3992199C3010024FDBD /* RecursiveSyncDispatch */;
			targetProxy = 7B99E3A42199C3010024FDBD /* PBXContainerItemProxy */;
		};
/* End PBXTargetDependency section */

/* Begin XCBuildConfiguration section */
		7B80A9BF2236A6AB00CECD67 /* Debug */ = {
			isa = XCBuildConfiguration;
			buildSettings = {
				CODE_SIGN_IDENTITY = "";
				CODE_SIGN_STYLE = Automatic;
				INFOPLIST_FILE = "Xcode Supporting Files/Framework-Info.plist";
				MACH_O_TYPE = staticlib;
				PRODUCT_BUNDLE_IDENTIFIER = "com.happn.RecursiveSyncDispatch-Static";
				PRODUCT_NAME = RecursiveSyncDispatch;
			};
			name = Debug;
		};
		7B80A9C02236A6AB00CECD67 /* Release */ = {
			isa = XCBuildConfiguration;
			buildSettings = {
				CODE_SIGN_IDENTITY = "";
				CODE_SIGN_STYLE = Automatic;
				INFOPLIST_FILE = "Xcode Supporting Files/Framework-Info.plist";
				MACH_O_TYPE = staticlib;
				PRODUCT_BUNDLE_IDENTIFIER = "com.happn.RecursiveSyncDispatch-Static";
				PRODUCT_NAME = RecursiveSyncDispatch;
			};
			name = Release;
		};
		7B99E3AC2199C3020024FDBD /* Debug */ = {
			isa = XCBuildConfiguration;
			buildSettings = {
				CODE_SIGN_IDENTITY = "";
				CODE_SIGN_STYLE = Automatic;
				DYLIB_INSTALL_NAME_BASE = "@rpath";
				INFOPLIST_FILE = "Xcode Supporting Files/Framework-Info.plist";
				LD_RUNPATH_SEARCH_PATHS = "$(inherited) @executable_path/../Frameworks @loader_path/Frameworks";
				PRODUCT_BUNDLE_IDENTIFIER = com.happn.RecursiveSyncDispatch;
				PRODUCT_NAME = RecursiveSyncDispatch;
			};
			name = Debug;
		};
		7B99E3AD2199C3020024FDBD /* Release */ = {
			isa = XCBuildConfiguration;
			buildSettings = {
				CODE_SIGN_IDENTITY = "";
				CODE_SIGN_STYLE = Automatic;
				DYLIB_INSTALL_NAME_BASE = "@rpath";
				INFOPLIST_FILE = "Xcode Supporting Files/Framework-Info.plist";
				LD_RUNPATH_SEARCH_PATHS = "$(inherited) @executable_path/../Frameworks @loader_path/Frameworks";
				PRODUCT_BUNDLE_IDENTIFIER = com.happn.RecursiveSyncDispatch;
				PRODUCT_NAME = RecursiveSyncDispatch;
			};
			name = Release;
		};
		7B99E3AF2199C3020024FDBD /* Debug */ = {
			isa = XCBuildConfiguration;
			buildSettings = {
				ALWAYS_EMBED_SWIFT_STANDARD_LIBRARIES = YES;
				CODE_SIGN_IDENTITY = "";
				CODE_SIGN_STYLE = Automatic;
				INFOPLIST_FILE = "Xcode Supporting Files/Test-Info.plist";
				LD_RUNPATH_SEARCH_PATHS = "$(inherited) @loader_path/Frameworks @executable_path/Frameworks @loader_path/../Frameworks @executable_path/../Frameworks";
				PRODUCT_BUNDLE_IDENTIFIER = com.happn.RecursiveSyncDispatchTests;
				PRODUCT_NAME = RecursiveSyncDispatchTests;
			};
			name = Debug;
		};
		7B99E3B02199C3020024FDBD /* Release */ = {
			isa = XCBuildConfiguration;
			buildSettings = {
				ALWAYS_EMBED_SWIFT_STANDARD_LIBRARIES = YES;
				CODE_SIGN_IDENTITY = "";
				CODE_SIGN_STYLE = Automatic;
				INFOPLIST_FILE = "Xcode Supporting Files/Test-Info.plist";
				LD_RUNPATH_SEARCH_PATHS = "$(inherited) @loader_path/Frameworks @executable_path/Frameworks @loader_path/../Frameworks @executable_path/../Frameworks";
				PRODUCT_BUNDLE_IDENTIFIER = com.happn.RecursiveSyncDispatchTests;
				PRODUCT_NAME = RecursiveSyncDispatchTests;
			};
			name = Release;
		};
		OBJ_3 /* Debug */ = {
			isa = XCBuildConfiguration;
			buildSettings = {
				ALWAYS_SEARCH_USER_PATHS = NO;
				CLANG_ANALYZER_LOCALIZABILITY_NONLOCALIZED = YES;
				CLANG_ANALYZER_NONNULL = YES;
				CLANG_ANALYZER_NUMBER_OBJECT_CONVERSION = YES_AGGRESSIVE;
				CLANG_CXX_LANGUAGE_STANDARD = "gnu++14";
				CLANG_CXX_LIBRARY = "libc++";
				CLANG_ENABLE_MODULES = YES;
				CLANG_ENABLE_OBJC_ARC = YES;
				CLANG_ENABLE_OBJC_WEAK = YES;
				CLANG_WARN_BLOCK_CAPTURE_AUTORELEASING = YES;
				CLANG_WARN_BOOL_CONVERSION = YES;
				CLANG_WARN_COMMA = YES;
				CLANG_WARN_CONSTANT_CONVERSION = YES;
				CLANG_WARN_DEPRECATED_OBJC_IMPLEMENTATIONS = YES;
				CLANG_WARN_DIRECT_OBJC_ISA_USAGE = YES_ERROR;
				CLANG_WARN_DOCUMENTATION_COMMENTS = YES;
				CLANG_WARN_EMPTY_BODY = YES;
				CLANG_WARN_ENUM_CONVERSION = YES;
				CLANG_WARN_INFINITE_RECURSION = YES;
				CLANG_WARN_INT_CONVERSION = YES;
				CLANG_WARN_NON_LITERAL_NULL_CONVERSION = YES;
				CLANG_WARN_OBJC_IMPLICIT_RETAIN_SELF = YES;
				CLANG_WARN_OBJC_LITERAL_CONVERSION = YES;
				CLANG_WARN_OBJC_ROOT_CLASS = YES_ERROR;
				CLANG_WARN_RANGE_LOOP_ANALYSIS = YES;
				CLANG_WARN_STRICT_PROTOTYPES = YES;
				CLANG_WARN_SUSPICIOUS_MOVE = YES;
				CLANG_WARN_UNGUARDED_AVAILABILITY = YES_AGGRESSIVE;
				CLANG_WARN_UNREACHABLE_CODE = YES;
				CLANG_WARN__DUPLICATE_METHOD_MATCH = YES;
				COMBINE_HIDPI_IMAGES = YES;
				COPY_PHASE_STRIP = NO;
				CURRENT_PROJECT_VERSION = 1;
				DEBUG_INFORMATION_FORMAT = dwarf;
				DEFINES_MODULE = YES;
				DYLIB_COMPATIBILITY_VERSION = 1.0;
				DYLIB_CURRENT_VERSION = 1.0;
				ENABLE_NS_ASSERTIONS = YES;
				ENABLE_STRICT_OBJC_MSGSEND = YES;
				ENABLE_TESTABILITY = YES;
				FRAMEWORK_VERSION = A;
				GCC_C_LANGUAGE_STANDARD = gnu11;
				GCC_DYNAMIC_NO_PIC = NO;
				GCC_NO_COMMON_BLOCKS = YES;
				GCC_OPTIMIZATION_LEVEL = 0;
				GCC_PREPROCESSOR_DEFINITIONS = (
					"DEBUG=1",
					"$(inherited)",
				);
				GCC_WARN_64_TO_32_BIT_CONVERSION = YES;
				GCC_WARN_ABOUT_RETURN_TYPE = YES_ERROR;
				GCC_WARN_UNDECLARED_SELECTOR = YES;
				GCC_WARN_UNINITIALIZED_AUTOS = YES_AGGRESSIVE;
				GCC_WARN_UNUSED_FUNCTION = YES;
				GCC_WARN_UNUSED_VARIABLE = YES;
				INSTALL_PATH = "$(LOCAL_LIBRARY_DIR)/Frameworks";
				IPHONEOS_DEPLOYMENT_TARGET = 8.0;
				MACOSX_DEPLOYMENT_TARGET = 10.9;
				ONLY_ACTIVE_ARCH = YES;
				PRODUCT_NAME = "$(TARGET_NAME)";
				SKIP_INSTALL = YES;
				SUPPORTED_PLATFORMS = "macosx iphoneos iphonesimulator appletvos appletvsimulator watchos watchsimulator";
				SWIFT_ACTIVE_COMPILATION_CONDITIONS = DEBUG;
				SWIFT_OPTIMIZATION_LEVEL = "-Onone";
				SWIFT_VERSION = 5.0;
				TVOS_DEPLOYMENT_TARGET = 9.0;
				USE_HEADERMAP = NO;
				VERSIONING_SYSTEM = "apple-generic";
				VERSION_INFO_PREFIX = HPN;
				WATCHOS_DEPLOYMENT_TARGET = 2.0;
			};
			name = Debug;
		};
		OBJ_4 /* Release */ = {
			isa = XCBuildConfiguration;
			buildSettings = {
				ALWAYS_SEARCH_USER_PATHS = NO;
				CLANG_ANALYZER_LOCALIZABILITY_NONLOCALIZED = YES;
				CLANG_ANALYZER_NONNULL = YES;
				CLANG_ANALYZER_NUMBER_OBJECT_CONVERSION = YES_AGGRESSIVE;
				CLANG_CXX_LANGUAGE_STANDARD = "gnu++14";
				CLANG_CXX_LIBRARY = "libc++";
				CLANG_ENABLE_MODULES = YES;
				CLANG_ENABLE_OBJC_ARC = YES;
				CLANG_ENABLE_OBJC_WEAK = YES;
				CLANG_WARN_BLOCK_CAPTURE_AUTORELEASING = YES;
				CLANG_WARN_BOOL_CONVERSION = YES;
				CLANG_WARN_COMMA = YES;
				CLANG_WARN_CONSTANT_CONVERSION = YES;
				CLANG_WARN_DEPRECATED_OBJC_IMPLEMENTATIONS = YES;
				CLANG_WARN_DIRECT_OBJC_ISA_USAGE = YES_ERROR;
				CLANG_WARN_DOCUMENTATION_COMMENTS = YES;
				CLANG_WARN_EMPTY_BODY = YES;
				CLANG_WARN_ENUM_CONVERSION = YES;
				CLANG_WARN_INFINITE_RECURSION = YES;
				CLANG_WARN_INT_CONVERSION = YES;
				CLANG_WARN_NON_LITERAL_NULL_CONVERSION = YES;
				CLANG_WARN_OBJC_IMPLICIT_RETAIN_SELF = YES;
				CLANG_WARN_OBJC_LITERAL_CONVERSION = YES;
				CLANG_WARN_OBJC_ROOT_CLASS = YES_ERROR;
				CLANG_WARN_RANGE_LOOP_ANALYSIS = YES;
				CLANG_WARN_STRICT_PROTOTYPES = YES;
				CLANG_WARN_SUSPICIOUS_MOVE = YES;
				CLANG_WARN_UNGUARDED_AVAILABILITY = YES_AGGRESSIVE;
				CLANG_WARN_UNREACHABLE_CODE = YES;
				CLANG_WARN__DUPLICATE_METHOD_MATCH = YES;
				COMBINE_HIDPI_IMAGES = YES;
				COPY_PHASE_STRIP = YES;
				CURRENT_PROJECT_VERSION = 1;
				DEBUG_INFORMATION_FORMAT = "dwarf-with-dsym";
				DEFINES_MODULE = YES;
				DYLIB_COMPATIBILITY_VERSION = 1.0;
				DYLIB_CURRENT_VERSION = 1.0;
				ENABLE_NS_ASSERTIONS = NO;
				ENABLE_STRICT_OBJC_MSGSEND = YES;
				FRAMEWORK_VERSION = A;
				GCC_C_LANGUAGE_STANDARD = gnu11;
				GCC_DYNAMIC_NO_PIC = NO;
				GCC_NO_COMMON_BLOCKS = YES;
				GCC_OPTIMIZATION_LEVEL = s;
				GCC_WARN_64_TO_32_BIT_CONVERSION = YES;
				GCC_WARN_ABOUT_RETURN_TYPE = YES_ERROR;
				GCC_WARN_UNDECLARED_SELECTOR = YES;
				GCC_WARN_UNINITIALIZED_AUTOS = YES_AGGRESSIVE;
				GCC_WARN_UNUSED_FUNCTION = YES;
				GCC_WARN_UNUSED_VARIABLE = YES;
				INSTALL_PATH = "$(LOCAL_LIBRARY_DIR)/Frameworks";
				IPHONEOS_DEPLOYMENT_TARGET = 8.0;
				MACOSX_DEPLOYMENT_TARGET = 10.9;
				PRODUCT_NAME = "$(TARGET_NAME)";
				SKIP_INSTALL = YES;
				SUPPORTED_PLATFORMS = "macosx iphoneos iphonesimulator appletvos appletvsimulator watchos watchsimulator";
				SWIFT_OPTIMIZATION_LEVEL = "-Owholemodule";
				SWIFT_VERSION = 5.0;
				TVOS_DEPLOYMENT_TARGET = 9.0;
				USE_HEADERMAP = NO;
				VERSIONING_SYSTEM = "apple-generic";
				VERSION_INFO_PREFIX = HPN;
				WATCHOS_DEPLOYMENT_TARGET = 2.0;
			};
			name = Release;
		};
/* End XCBuildConfiguration section */

/* Begin XCConfigurationList section */
		7B80A9BE2236A6AB00CECD67 /* Build configuration list for PBXNativeTarget "RecursiveSyncDispatch-Static" */ = {
			isa = XCConfigurationList;
			buildConfigurations = (
				7B80A9BF2236A6AB00CECD67 /* Debug */,
				7B80A9C02236A6AB00CECD67 /* Release */,
			);
			defaultConfigurationIsVisible = 0;
			defaultConfigurationName = Release;
		};
		7B99E3AB2199C3020024FDBD /* Build configuration list for PBXNativeTarget "RecursiveSyncDispatch" */ = {
			isa = XCConfigurationList;
			buildConfigurations = (
				7B99E3AC2199C3020024FDBD /* Debug */,
				7B99E3AD2199C3020024FDBD /* Release */,
			);
			defaultConfigurationIsVisible = 0;
			defaultConfigurationName = Release;
		};
		7B99E3AE2199C3020024FDBD /* Build configuration list for PBXNativeTarget "RecursiveSyncDispatchTests" */ = {
			isa = XCConfigurationList;
			buildConfigurations = (
				7B99E3AF2199C3020024FDBD /* Debug */,
				7B99E3B02199C3020024FDBD /* Release */,
			);
			defaultConfigurationIsVisible = 0;
			defaultConfigurationName = Release;
		};
		OBJ_2 /* Build configuration list for PBXProject "RecursiveSyncDispatch" */ = {
			isa = XCConfigurationList;
			buildConfigurations = (
				OBJ_3 /* Debug */,
				OBJ_4 /* Release */,
			);
			defaultConfigurationIsVisible = 0;
			defaultConfigurationName = Release;
		};
/* End XCConfigurationList section */
	};
	rootObject = OBJ_1 /* Project object */;
}
