// !$*UTF8*$!
{
	archiveVersion = 1;
	classes = {
	};
	objectVersion = 54;
	objects = {

/* Begin PBXBuildFile section */
		7B591C8A250B515200B6CA54 /* AppDelegate.swift in Sources */ = {isa = PBXBuildFile; fileRef = 7B591C89250B515200B6CA54 /* AppDelegate.swift */; };
		7B591C8C250B515200B6CA54 /* ViewController.swift in Sources */ = {isa = PBXBuildFile; fileRef = 7B591C8B250B515200B6CA54 /* ViewController.swift */; };
		7B591C8E250B515400B6CA54 /* Assets.xcassets in Resources */ = {isa = PBXBuildFile; fileRef = 7B591C8D250B515400B6CA54 /* Assets.xcassets */; };
		7B591C91250B515400B6CA54 /* Main.storyboard in Resources */ = {isa = PBXBuildFile; fileRef = 7B591C8F250B515400B6CA54 /* Main.storyboard */; };
		7B591C9A250B51B400B6CA54 /* test.xcconfig in Resources */ = {isa = PBXBuildFile; fileRef = 7B591C99250B51B400B6CA54 /* test.xcconfig */; };
		7B591C9C250B51D400B6CA54 /* Utils.xcconfigimport in Resources */ = {isa = PBXBuildFile; fileRef = 7B591C9B250B51D400B6CA54 /* Utils.xcconfigimport */; };
		7B591C9E250B59AB00B6CA54 /* test2.xcconfig in Resources */ = {isa = PBXBuildFile; fileRef = 7B591C9D250B59AB00B6CA54 /* test2.xcconfig */; };
		7B591CA0250B5C7100B6CA54 /* test3.xcconfig in Resources */ = {isa = PBXBuildFile; fileRef = 7B591C9F250B5C7100B6CA54 /* test3.xcconfig */; };
		7B591CA8250CE0E800B6CA54 /* Media.xcassets in Resources */ = {isa = PBXBuildFile; fileRef = 7B591CA7250CE0E800B6CA54 /* Media.xcassets */; };
		7B591CAA250CE0E800B6CA54 /* icon.icns in Resources */ = {isa = PBXBuildFile; fileRef = 7B591CA9250CE0E800B6CA54 /* icon.icns */; };
		7B591CAC250CE0E800B6CA54 /* ActionViewController.swift in Sources */ = {isa = PBXBuildFile; fileRef = 7B591CAB250CE0E800B6CA54 /* ActionViewController.swift */; };
		7B591CAF250CE0E800B6CA54 /* ActionViewController.xib in Resources */ = {isa = PBXBuildFile; fileRef = 7B591CAD250CE0E800B6CA54 /* ActionViewController.xib */; };
		7B591CB4250CE0E800B6CA54 /* Target "2".appex in Embed App Extensions */ = {isa = PBXBuildFile; fileRef = 7B591CA5250CE0E800B6CA54 /* Target "2".appex */; settings = {ATTRIBUTES = (RemoveHeadersOnCopy, ); }; };
		7BF8435025136BC1001EDEBF /* Localizable.strings in Resources */ = {isa = PBXBuildFile; fileRef = 7BF8434F25136BC1001EDEBF /* Localizable.strings */; };
/* End PBXBuildFile section */

/* Begin PBXContainerItemProxy section */
		7B591CB2250CE0E800B6CA54 /* PBXContainerItemProxy */ = {
			isa = PBXContainerItemProxy;
			containerPortal = 7B591C7E250B515200B6CA54 /* Project object */;
			proxyType = 1;
			remoteGlobalIDString = 7B591CA4250CE0E800B6CA54;
			remoteInfo = "Target 2";
		};
/* End PBXContainerItemProxy section */

/* Begin PBXCopyFilesBuildPhase section */
		7B591CB8250CE0E800B6CA54 /* Embed App Extensions */ = {
			isa = PBXCopyFilesBuildPhase;
			buildActionMask = 2147483647;
			dstPath = "";
			dstSubfolderSpec = 13;
			files = (
				7B591CB4250CE0E800B6CA54 /* Target "2".appex in Embed App Extensions */,
			);
			name = "Embed App Extensions";
			runOnlyForDeploymentPostprocessing = 0;
		};
/* End PBXCopyFilesBuildPhase section */

/* Begin PBXFileReference section */
		7B22A584251CB0E100FAC6F2 /* import1.xcconfig */ = {isa = PBXFileReference; lastKnownFileType = text.xcconfig; path = import1.xcconfig; sourceTree = "<group>"; };
		7B22A585251CB0F600FAC6F2 /* import2.xcconfig */ = {isa = PBXFileReference; lastKnownFileType = text.xcconfig; path = import2.xcconfig; sourceTree = "<group>"; };
		7B22A58B251CBA3500FAC6F2 /* test"4.xcconfig */ = {isa = PBXFileReference; lastKnownFileType = text.xcconfig; path = "test\"4.xcconfig"; sourceTree = "<group>"; };
		7B22A590251D420400FAC6F2 /* emoji!😁	.xcconfig */ = {isa = PBXFileReference; lastKnownFileType = text.xcconfig; path = "emoji!😁\t.xcconfig"; sourceTree = "<group>"; };
		7B591C86250B515200B6CA54 /* Target 1.app */ = {isa = PBXFileReference; explicitFileType = wrapper.application; includeInIndex = 0; path = "Target 1.app"; sourceTree = BUILT_PRODUCTS_DIR; };
		7B591C89250B515200B6CA54 /* AppDelegate.swift */ = {isa = PBXFileReference; lastKnownFileType = sourcecode.swift; path = AppDelegate.swift; sourceTree = "<group>"; };
		7B591C8B250B515200B6CA54 /* ViewController.swift */ = {isa = PBXFileReference; lastKnownFileType = sourcecode.swift; path = ViewController.swift; sourceTree = "<group>"; };
		7B591C8D250B515400B6CA54 /* Assets.xcassets */ = {isa = PBXFileReference; lastKnownFileType = folder.assetcatalog; path = Assets.xcassets; sourceTree = "<group>"; };
		7B591C90250B515400B6CA54 /* Base */ = {isa = PBXFileReference; lastKnownFileType = file.storyboard; name = Base; path = Base.lproj/Main.storyboard; sourceTree = "<group>"; };
		7B591C92250B515400B6CA54 /* Info.plist */ = {isa = PBXFileReference; lastKnownFileType = text.plist.xml; path = Info.plist; sourceTree = "<group>"; };
		7B591C93250B515400B6CA54 /* target1.entitlements */ = {isa = PBXFileReference; lastKnownFileType = text.plist.entitlements; path = target1.entitlements; sourceTree = "<group>"; };
		7B591C99250B51B400B6CA54 /* test.xcconfig */ = {isa = PBXFileReference; lastKnownFileType = text.xcconfig; name = test.xcconfig; path = target1/test.xcconfig; sourceTree = SOURCE_ROOT; };
		7B591C9B250B51D400B6CA54 /* Utils.xcconfigimport */ = {isa = PBXFileReference; fileEncoding = 4; lastKnownFileType = text; path = Utils.xcconfigimport; sourceTree = "<group>"; };
		7B591C9D250B59AB00B6CA54 /* test2.xcconfig */ = {isa = PBXFileReference; lastKnownFileType = text.xcconfig; path = test2.xcconfig; sourceTree = "<group>"; };
		7B591C9F250B5C7100B6CA54 /* test3.xcconfig */ = {isa = PBXFileReference; fileEncoding = 4; lastKnownFileType = text.xcconfig; path = test3.xcconfig; sourceTree = "<group>"; };
		7B591CA5250CE0E800B6CA54 /* Target "2".appex */ = {isa = PBXFileReference; explicitFileType = "wrapper.app-extension"; includeInIndex = 0; path = "Target \"2\".appex"; sourceTree = BUILT_PRODUCTS_DIR; };
		7B591CA7250CE0E800B6CA54 /* Media.xcassets */ = {isa = PBXFileReference; lastKnownFileType = folder.assetcatalog; path = Media.xcassets; sourceTree = "<group>"; };
		7B591CA9250CE0E800B6CA54 /* icon.icns */ = {isa = PBXFileReference; lastKnownFileType = image.icns; path = icon.icns; sourceTree = "<group>"; };
		7B591CAB250CE0E800B6CA54 /* ActionViewController.swift */ = {isa = PBXFileReference; lastKnownFileType = sourcecode.swift; path = ActionViewController.swift; sourceTree = "<group>"; };
		7B591CAE250CE0E800B6CA54 /* Base */ = {isa = PBXFileReference; lastKnownFileType = file.xib; name = Base; path = Base.lproj/ActionViewController.xib; sourceTree = "<group>"; };
		7B591CB0250CE0E800B6CA54 /* Info.plist */ = {isa = PBXFileReference; lastKnownFileType = text.plist.xml; path = Info.plist; sourceTree = "<group>"; };
		7B591CB1250CE0E800B6CA54 /* target2.entitlements */ = {isa = PBXFileReference; lastKnownFileType = text.plist.entitlements; path = target2.entitlements; sourceTree = "<group>"; };
		7B591CBC250D2EEC00B6CA54 /* test_dev_dir.xcconfigimport */ = {isa = PBXFileReference; lastKnownFileType = text; path = test_dev_dir.xcconfigimport; sourceTree = "<group>"; };
		7BF7E4A6250D2FEC00A678A5 /* test_dev_dir.xcconfigimport */ = {isa = PBXFileReference; fileEncoding = 4; lastKnownFileType = text; path = test_dev_dir.xcconfigimport; sourceTree = "<group>"; };
		7BF7E4A8250D2FFD00A678A5 /* test_dev_dir.xcconfigimport */ = {isa = PBXFileReference; lastKnownFileType = text; path = test_dev_dir.xcconfigimport; sourceTree = "<group>"; };
		7BF7E4AB250D310E00A678A5 /* test_srcroot.xcconfigimport */ = {isa = PBXFileReference; lastKnownFileType = text; path = test_srcroot.xcconfigimport; sourceTree = "<group>"; };
		7BF7E4AC250D313B00A678A5 /* test_srcroot.xcconfigimport */ = {isa = PBXFileReference; lastKnownFileType = text; path = test_srcroot.xcconfigimport; sourceTree = "<group>"; };
		7BF8434F25136BC1001EDEBF /* Localizable.strings */ = {isa = PBXFileReference; lastKnownFileType = text.plist.strings; path = Localizable.strings; sourceTree = "<group>"; };
/* End PBXFileReference section */

/* Begin PBXFrameworksBuildPhase section */
		7B591C83250B515200B6CA54 /* Frameworks */ = {
			isa = PBXFrameworksBuildPhase;
			buildActionMask = 2147483647;
			files = (
			);
			runOnlyForDeploymentPostprocessing = 0;
		};
		7B591CA2250CE0E800B6CA54 /* Frameworks */ = {
			isa = PBXFrameworksBuildPhase;
			buildActionMask = 2147483647;
			files = (
			);
			runOnlyForDeploymentPostprocessing = 0;
		};
/* End PBXFrameworksBuildPhase section */

/* Begin PBXGroup section */
		7B22A583251CB0C000FAC6F2 /* auto-xcconfigimports */ = {
			isa = PBXGroup;
			children = (
				7B22A588251CB17800FAC6F2 /* sub-folder */,
				7B22A584251CB0E100FAC6F2 /* import1.xcconfig */,
			);
			path = "auto-xcconfigimports";
			sourceTree = "<group>";
		};
		7B22A588251CB17800FAC6F2 /* sub-folder */ = {
			isa = PBXGroup;
			children = (
				7B22A585251CB0F600FAC6F2 /* import2.xcconfig */,
			);
			path = "sub-folder";
			sourceTree = "<group>";
		};
		7B591C7D250B515200B6CA54 = {
			isa = PBXGroup;
			children = (
				7B591C88250B515200B6CA54 /* Target1 */,
				7B591CA6250CE0E800B6CA54 /* Target2 */,
				7B591C87250B515200B6CA54 /* Products */,
			);
			sourceTree = "<group>";
		};
		7B591C87250B515200B6CA54 /* Products */ = {
			isa = PBXGroup;
			children = (
				7B591C86250B515200B6CA54 /* Target 1.app */,
				7B591CA5250CE0E800B6CA54 /* Target "2".appex */,
			);
			name = Products;
			sourceTree = "<group>";
		};
		7B591C88250B515200B6CA54 /* Target1 */ = {
			isa = PBXGroup;
			children = (
				7B591C89250B515200B6CA54 /* AppDelegate.swift */,
				7B591C8B250B515200B6CA54 /* ViewController.swift */,
				7B591C8D250B515400B6CA54 /* Assets.xcassets */,
				7B591C8F250B515400B6CA54 /* Main.storyboard */,
				7B591C92250B515400B6CA54 /* Info.plist */,
				7B591C93250B515400B6CA54 /* target1.entitlements */,
				7B591C9B250B51D400B6CA54 /* Utils.xcconfigimport */,
				7BF7E4A9250D30A700A678A5 /* <SRCROOT> */,
				7B591CBB250D2ECD00B6CA54 /* <DEVELOPER_DIR> */,
				7B591CBD250D2F4D00B6CA54 /* Applications */,
				7B22A583251CB0C000FAC6F2 /* auto-xcconfigimports */,
				7B591C99250B51B400B6CA54 /* test.xcconfig */,
				7B591C9D250B59AB00B6CA54 /* test2.xcconfig */,
				7B591C9F250B5C7100B6CA54 /* test3.xcconfig */,
				7B22A58B251CBA3500FAC6F2 /* test"4.xcconfig */,
				7B22A590251D420400FAC6F2 /* emoji!😁	.xcconfig */,
				7BF7E4AC250D313B00A678A5 /* test_srcroot.xcconfigimport */,
				7BF8434F25136BC1001EDEBF /* Localizable.strings */,
			);
			name = Target1;
			path = target1;
			sourceTree = "<group>";
		};
		7B591CA6250CE0E800B6CA54 /* Target2 */ = {
			isa = PBXGroup;
			children = (
				7B591CA7250CE0E800B6CA54 /* Media.xcassets */,
				7B591CA9250CE0E800B6CA54 /* icon.icns */,
				7B591CAB250CE0E800B6CA54 /* ActionViewController.swift */,
				7B591CAD250CE0E800B6CA54 /* ActionViewController.xib */,
				7B591CB0250CE0E800B6CA54 /* Info.plist */,
				7B591CB1250CE0E800B6CA54 /* target2.entitlements */,
			);
			name = Target2;
			path = target2;
			sourceTree = "<group>";
		};
		7B591CBB250D2ECD00B6CA54 /* <DEVELOPER_DIR> */ = {
			isa = PBXGroup;
			children = (
				7B591CBC250D2EEC00B6CA54 /* test_dev_dir.xcconfigimport */,
			);
			path = "<DEVELOPER_DIR>";
			sourceTree = "<group>";
		};
		7B591CBD250D2F4D00B6CA54 /* Applications */ = {
			isa = PBXGroup;
			children = (
				7BF7E4A3250D2FBC00A678A5 /* Xcode.app */,
				7B591CBE250D2F8400B6CA54 /* Xcode-beta.app */,
			);
			path = Applications;
			sourceTree = "<group>";
		};
		7B591CBE250D2F8400B6CA54 /* Xcode-beta.app */ = {
			isa = PBXGroup;
			children = (
				7BF7E4A1250D2FB200A678A5 /* Contents */,
			);
			path = "Xcode-beta.app";
			sourceTree = "<group>";
		};
		7BF7E4A1250D2FB200A678A5 /* Contents */ = {
			isa = PBXGroup;
			children = (
				7BF7E4A2250D2FB900A678A5 /* Developer */,
			);
			path = Contents;
			sourceTree = "<group>";
		};
		7BF7E4A2250D2FB900A678A5 /* Developer */ = {
			isa = PBXGroup;
			children = (
				7BF7E4A8250D2FFD00A678A5 /* test_dev_dir.xcconfigimport */,
			);
			path = Developer;
			sourceTree = "<group>";
		};
		7BF7E4A3250D2FBC00A678A5 /* Xcode.app */ = {
			isa = PBXGroup;
			children = (
				7BF7E4A4250D2FC800A678A5 /* Contents */,
			);
			path = Xcode.app;
			sourceTree = "<group>";
		};
		7BF7E4A4250D2FC800A678A5 /* Contents */ = {
			isa = PBXGroup;
			children = (
				7BF7E4A5250D2FCB00A678A5 /* Developer */,
			);
			path = Contents;
			sourceTree = "<group>";
		};
		7BF7E4A5250D2FCB00A678A5 /* Developer */ = {
			isa = PBXGroup;
			children = (
				7BF7E4A6250D2FEC00A678A5 /* test_dev_dir.xcconfigimport */,
			);
			path = Developer;
			sourceTree = "<group>";
		};
		7BF7E4A9250D30A700A678A5 /* <SRCROOT> */ = {
			isa = PBXGroup;
			children = (
				7BF7E4AA250D30F100A678A5 /* target1 */,
			);
			path = "<SRCROOT>";
			sourceTree = "<group>";
		};
		7BF7E4AA250D30F100A678A5 /* target1 */ = {
			isa = PBXGroup;
			children = (
				7BF7E4AB250D310E00A678A5 /* test_srcroot.xcconfigimport */,
			);
			path = target1;
			sourceTree = "<group>";
		};
/* End PBXGroup section */

/* Begin PBXNativeTarget section */
		7B591C85250B515200B6CA54 /* Target 1 */ = {
			isa = PBXNativeTarget;
			buildConfigurationList = 7B591C96250B515400B6CA54 /* Build configuration list for PBXNativeTarget "Target 1" */;
			buildPhases = (
				7B591C82250B515200B6CA54 /* Sources */,
				7B591C83250B515200B6CA54 /* Frameworks */,
				7B591C84250B515200B6CA54 /* Resources */,
				7B591CB8250CE0E800B6CA54 /* Embed App Extensions */,
				7B8091672517B5DF00F2E787 /* ShellScript */,
				7B80916A2517B5F600F2E787 /* ShellScript */,
				7B8091A72517BA0200F2E787 /* ShellScript */,
			);
			buildRules = (
			);
			dependencies = (
				7B591CB3250CE0E800B6CA54 /* PBXTargetDependency */,
			);
			name = "Target 1";
			productName = "Target 1";
			productReference = 7B591C86250B515200B6CA54 /* Target 1.app */;
			productType = "com.apple.product-type.application";
		};
		7B591CA4250CE0E800B6CA54 /* Target "2" */ = {
			isa = PBXNativeTarget;
			buildConfigurationList = 7B591CB5250CE0E800B6CA54 /* Build configuration list for PBXNativeTarget "Target "2"" */;
			buildPhases = (
				7B591CA1250CE0E800B6CA54 /* Sources */,
				7B591CA2250CE0E800B6CA54 /* Frameworks */,
				7B591CA3250CE0E800B6CA54 /* Resources */,
			);
			buildRules = (
			);
			dependencies = (
			);
			name = "Target \"2\"";
			productName = "Target 2";
			productReference = 7B591CA5250CE0E800B6CA54 /* Target "2".appex */;
			productType = "com.apple.product-type.app-extension";
		};
/* End PBXNativeTarget section */

/* Begin PBXProject section */
		7B591C7E250B515200B6CA54 /* Project object */ = {
			isa = PBXProject;
			attributes = {
				LastSwiftUpdateCheck = 1200;
				LastUpgradeCheck = 1200;
				TargetAttributes = {
					7B591C85250B515200B6CA54 = {
						CreatedOnToolsVersion = 12.0;
					};
					7B591CA4250CE0E800B6CA54 = {
						CreatedOnToolsVersion = 12.0;
					};
				};
			};
			buildConfigurationList = 7B591C81250B515200B6CA54 /* Build configuration list for PBXProject "Project 1" */;
			compatibilityVersion = "Xcode 9.3";
			developmentRegion = en;
			hasScannedForEncodings = 0;
			knownRegions = (
				en,
				Base,
			);
			mainGroup = 7B591C7D250B515200B6CA54;
			productRefGroup = 7B591C87250B515200B6CA54 /* Products */;
			projectDirPath = "";
			projectRoot = "";
			targets = (
				7B591C85250B515200B6CA54 /* Target 1 */,
				7B591CA4250CE0E800B6CA54 /* Target "2" */,
			);
		};
/* End PBXProject section */

/* Begin PBXResourcesBuildPhase section */
		7B591C84250B515200B6CA54 /* Resources */ = {
			isa = PBXResourcesBuildPhase;
			buildActionMask = 2147483647;
			files = (
				7B591CA0250B5C7100B6CA54 /* test3.xcconfig in Resources */,
				7B591C9A250B51B400B6CA54 /* test.xcconfig in Resources */,
				7B591C8E250B515400B6CA54 /* Assets.xcassets in Resources */,
				7BF8435025136BC1001EDEBF /* Localizable.strings in Resources */,
				7B591C9E250B59AB00B6CA54 /* test2.xcconfig in Resources */,
				7B591C91250B515400B6CA54 /* Main.storyboard in Resources */,
				7B591C9C250B51D400B6CA54 /* Utils.xcconfigimport in Resources */,
			);
			runOnlyForDeploymentPostprocessing = 0;
		};
		7B591CA3250CE0E800B6CA54 /* Resources */ = {
			isa = PBXResourcesBuildPhase;
			buildActionMask = 2147483647;
			files = (
				7B591CA8250CE0E800B6CA54 /* Media.xcassets in Resources */,
				7B591CAA250CE0E800B6CA54 /* icon.icns in Resources */,
				7B591CAF250CE0E800B6CA54 /* ActionViewController.xib in Resources */,
			);
			runOnlyForDeploymentPostprocessing = 0;
		};
/* End PBXResourcesBuildPhase section */

/* Begin PBXShellScriptBuildPhase section */
		7B8091672517B5DF00F2E787 /* ShellScript */ = {
			isa = PBXShellScriptBuildPhase;
			buildActionMask = 2147483647;
			files = (
			);
			inputFileListPaths = (
			);
			inputPaths = (
			);
			outputFileListPaths = (
			);
			outputPaths = (
			);
			runOnlyForDeploymentPostprocessing = 0;
			shellPath = /usr/bin/true;
			shellScript = "#	
#
";
		};
		7B80916A2517B5F600F2E787 /* ShellScript */ = {
			isa = PBXShellScriptBuildPhase;
			alwaysOutOfDate = 1;
			buildActionMask = 12;
			files = (
			);
			inputFileListPaths = (
			);
			inputPaths = (
			);
			outputFileListPaths = (
			);
			outputPaths = (
			);
			runOnlyForDeploymentPostprocessing = 0;
			shellPath = /usr/bin/true;
			shellScript = "#\t\\\n#\n";
		};
		7B8091A72517BA0200F2E787 /* ShellScript */ = {
			isa = PBXShellScriptBuildPhase;
			buildActionMask = 2147483647;
			files = (
			);
			inputFileListPaths = (
			);
			inputPaths = (
			);
			outputFileListPaths = (
			);
			outputPaths = (
			);
			runOnlyForDeploymentPostprocessing = 0;
			shellPath = /usr/bin/true;
			shellScript = "# ### Script for Setting Things Up for the happn Project. ### #\n# This script is in a separate target than directly as a build phase of happn\n# because, for less than obvious reasons, the compilation failed on first try\n# when it was. (Some files were not found.)\n# Anyway currently the target has to be separate as it is also used by other\n# targets than only happn!\nset -e\n\nif [ -z \"$PROJECT_NAME\" -o -z \"$PROJECT_DIR\" ]; then\n   echo \"error: PROJECT_NAME or PROJECT_DIR is undefined.\" >/dev/stderr\n   exit 42\nfi\n\n\n\n###############################################\n### COPYING DEFAULT LOGGER CONFIG IF NEEDED ###\n###############################################\n\nBASE_PATH=\"$PROJECT_DIR/$PROJECT_NAME\"\nLOGGER_CONFIG=\"$BASE_PATH/LoggerConfig.swift\"\nDEFAULT_LOGGER_CONFIG=\"$BASE_PATH/LoggerConfig.default.swift\"\n\nif [ ! -e \"$LOGGER_CONFIG\" ]; then\n   echo \"Copying default logger config:\"\n   cp -v \"$DEFAULT_LOGGER_CONFIG\" \"$LOGGER_CONFIG\"\nfi\n\n\n\n#########################################\n### PROCESSING FRAMEWORKS & LIBRARIES ###\n#########################################\n\n# Running the “Precompiled Dependencies” repo script (strip dynamic libraries, etc.)\n# We could run the script separately for the iOS and watchOS OSes, but it doesn't cost\n# much to run both at the same time.\n\"$PROJECT_DIR/Dependencies/_PrecompiledDependencies/Scripts/process_installed.sh\" \"iOS\" \"watchOS\"\n\n\n\n##########################\n### RUN LOCMAPPER LINT ###\n##########################\n\nif [ \"${CONFIGURATION}\" != \"Debug\" ]; then\n   \"$PROJECT_DIR/Scripts/zz_bin/locmapper\" lint --detect-unused-refloc=true \"Localization Map.lcm\"\nfi\n\n\n\n# ### That’s all, folks! ### #\n";
		};
/* End PBXShellScriptBuildPhase section */

/* Begin PBXSourcesBuildPhase section */
		7B591C82250B515200B6CA54 /* Sources */ = {
			isa = PBXSourcesBuildPhase;
			buildActionMask = 2147483647;
			files = (
				7B591C8C250B515200B6CA54 /* ViewController.swift in Sources */,
				7B591C8A250B515200B6CA54 /* AppDelegate.swift in Sources */,
			);
			runOnlyForDeploymentPostprocessing = 0;
		};
		7B591CA1250CE0E800B6CA54 /* Sources */ = {
			isa = PBXSourcesBuildPhase;
			buildActionMask = 2147483647;
			files = (
				7B591CAC250CE0E800B6CA54 /* ActionViewController.swift in Sources */,
			);
			runOnlyForDeploymentPostprocessing = 0;
		};
/* End PBXSourcesBuildPhase section */

/* Begin PBXTargetDependency section */
		7B591CB3250CE0E800B6CA54 /* PBXTargetDependency */ = {
			isa = PBXTargetDependency;
			target = 7B591CA4250CE0E800B6CA54 /* Target "2" */;
			targetProxy = 7B591CB2250CE0E800B6CA54 /* PBXContainerItemProxy */;
		};
/* End PBXTargetDependency section */

/* Begin PBXVariantGroup section */
		7B591C8F250B515400B6CA54 /* Main.storyboard */ = {
			isa = PBXVariantGroup;
			children = (
				7B591C90250B515400B6CA54 /* Base */,
			);
			name = Main.storyboard;
			sourceTree = "<group>";
		};
		7B591CAD250CE0E800B6CA54 /* ActionViewController.xib */ = {
			isa = PBXVariantGroup;
			children = (
				7B591CAE250CE0E800B6CA54 /* Base */,
			);
			name = ActionViewController.xib;
			sourceTree = "<group>";
		};
/* End PBXVariantGroup section */

/* Begin XCBuildConfiguration section */
		7B591C94250B515400B6CA54 /* Debug */ = {
			isa = XCBuildConfiguration;
			baseConfigurationReference = 7B591C99250B51B400B6CA54 /* test.xcconfig */;
			buildSettings = {
				ALWAYS_SEARCH_USER_PATHS = NO;
				CLANG_ANALYZER_NONNULL = YES;
				CLANG_ANALYZER_NUMBER_OBJECT_CONVERSION = YES_AGGRESSIVE;
				CLANG_CXX_LANGUAGE_STANDARD = "gnu++14";
				CLANG_CXX_LIBRARY = "libc++";
				CLANG_ENABLE_MODULES = YES;
				CLANG_ENABLE_OBJC_ARC = YES;
				CLANG_ENABLE_OBJC_WEAK = YES;
				CLANG_WARN_BLOCK_CAPTURE_AUTORELEASING = YES;
				CLANG_WARN_BOOL_CONVERSION = YES;
				CLANG_WARN_COMMA = YES;
				CLANG_WARN_CONSTANT_CONVERSION = YES;
				CLANG_WARN_DEPRECATED_OBJC_IMPLEMENTATIONS = YES;
				CLANG_WARN_DIRECT_OBJC_ISA_USAGE = YES_ERROR;
				CLANG_WARN_DOCUMENTATION_COMMENTS = YES;
				CLANG_WARN_EMPTY_BODY = YES;
				CLANG_WARN_ENUM_CONVERSION = YES;
				CLANG_WARN_INFINITE_RECURSION = YES;
				CLANG_WARN_INT_CONVERSION = YES;
				CLANG_WARN_NON_LITERAL_NULL_CONVERSION = YES;
				CLANG_WARN_OBJC_IMPLICIT_RETAIN_SELF = YES;
				CLANG_WARN_OBJC_LITERAL_CONVERSION = YES;
				CLANG_WARN_OBJC_ROOT_CLASS = YES_ERROR;
				CLANG_WARN_QUOTED_INCLUDE_IN_FRAMEWORK_HEADER = YES;
				CLANG_WARN_RANGE_LOOP_ANALYSIS = YES;
				CLANG_WARN_STRICT_PROTOTYPES = YES;
				CLANG_WARN_SUSPICIOUS_MOVE = YES;
				CLANG_WARN_UNGUARDED_AVAILABILITY = YES_AGGRESSIVE;
				CLANG_WARN_UNREACHABLE_CODE = YES;
				CLANG_WARN__DUPLICATE_METHOD_MATCH = YES;
				COPY_PHASE_STRIP = NO;
				DEBUG_INFORMATION_FORMAT = dwarf;
				ENABLE_STRICT_OBJC_MSGSEND = YES;
				ENABLE_TESTABILITY = YES;
				GCC_C_LANGUAGE_STANDARD = gnu11;
				GCC_DYNAMIC_NO_PIC = NO;
				GCC_NO_COMMON_BLOCKS = YES;
				GCC_OPTIMIZATION_LEVEL = 0;
				GCC_PREPROCESSOR_DEFINITIONS = (
					"DEBUG=1",
					"$(inherited)",
				);
				GCC_WARN_64_TO_32_BIT_CONVERSION = YES;
				GCC_WARN_ABOUT_RETURN_TYPE = YES_ERROR;
				GCC_WARN_UNDECLARED_SELECTOR = YES;
				GCC_WARN_UNINITIALIZED_AUTOS = YES_AGGRESSIVE;
				GCC_WARN_UNUSED_FUNCTION = YES;
				GCC_WARN_UNUSED_VARIABLE = YES;
				LEVEL_UP = "Level Up!";
				MACOSX_DEPLOYMENT_TARGET = 10.15;
				MTL_ENABLE_DEBUG_INFO = INCLUDE_SOURCE;
				MTL_FAST_MATH = YES;
				ONLY_ACTIVE_ARCH = YES;
				SDKROOT = macosx;
				SWIFT_ACTIVE_COMPILATION_CONDITIONS = DEBUG;
				SWIFT_OPTIMIZATION_LEVEL = "-Onone";
				TEST_RECURSION_1 = 1;
				TEST_SPACES = "$(inherited)abc";
				VERSIONING_SYSTEM = "apple-generic";
			};
			name = Debug;
		};
		7B591C95250B515400B6CA54 /* Release */ = {
			isa = XCBuildConfiguration;
			buildSettings = {
				ALWAYS_SEARCH_USER_PATHS = NO;
				CLANG_ANALYZER_NONNULL = YES;
				CLANG_ANALYZER_NUMBER_OBJECT_CONVERSION = YES_AGGRESSIVE;
				CLANG_CXX_LANGUAGE_STANDARD = "gnu++14";
				CLANG_CXX_LIBRARY = "libc++";
				CLANG_ENABLE_MODULES = YES;
				CLANG_ENABLE_OBJC_ARC = YES;
				CLANG_ENABLE_OBJC_WEAK = YES;
				CLANG_WARN_BLOCK_CAPTURE_AUTORELEASING = YES;
				CLANG_WARN_BOOL_CONVERSION = YES;
				CLANG_WARN_COMMA = YES;
				CLANG_WARN_CONSTANT_CONVERSION = YES;
				CLANG_WARN_DEPRECATED_OBJC_IMPLEMENTATIONS = YES;
				CLANG_WARN_DIRECT_OBJC_ISA_USAGE = YES_ERROR;
				CLANG_WARN_DOCUMENTATION_COMMENTS = YES;
				CLANG_WARN_EMPTY_BODY = YES;
				CLANG_WARN_ENUM_CONVERSION = YES;
				CLANG_WARN_INFINITE_RECURSION = YES;
				CLANG_WARN_INT_CONVERSION = YES;
				CLANG_WARN_NON_LITERAL_NULL_CONVERSION = YES;
				CLANG_WARN_OBJC_IMPLICIT_RETAIN_SELF = YES;
				CLANG_WARN_OBJC_LITERAL_CONVERSION = YES;
				CLANG_WARN_OBJC_ROOT_CLASS = YES_ERROR;
				CLANG_WARN_QUOTED_INCLUDE_IN_FRAMEWORK_HEADER = YES;
				CLANG_WARN_RANGE_LOOP_ANALYSIS = YES;
				CLANG_WARN_STRICT_PROTOTYPES = YES;
				CLANG_WARN_SUSPICIOUS_MOVE = YES;
				CLANG_WARN_UNGUARDED_AVAILABILITY = YES_AGGRESSIVE;
				CLANG_WARN_UNREACHABLE_CODE = YES;
				CLANG_WARN__DUPLICATE_METHOD_MATCH = YES;
				COPY_PHASE_STRIP = NO;
				DEBUG_INFORMATION_FORMAT = "dwarf-with-dsym";
				ENABLE_NS_ASSERTIONS = NO;
				ENABLE_STRICT_OBJC_MSGSEND = YES;
				GCC_C_LANGUAGE_STANDARD = gnu11;
				GCC_NO_COMMON_BLOCKS = YES;
				GCC_WARN_64_TO_32_BIT_CONVERSION = YES;
				GCC_WARN_ABOUT_RETURN_TYPE = YES_ERROR;
				GCC_WARN_UNDECLARED_SELECTOR = YES;
				GCC_WARN_UNINITIALIZED_AUTOS = YES_AGGRESSIVE;
				GCC_WARN_UNUSED_FUNCTION = YES;
				GCC_WARN_UNUSED_VARIABLE = YES;
				LEVEL_UP = "Level Up!";
				MACOSX_DEPLOYMENT_TARGET = 10.15;
				MTL_ENABLE_DEBUG_INFO = NO;
				MTL_FAST_MATH = YES;
				SDKROOT = macosx;
				SWIFT_COMPILATION_MODE = wholemodule;
				SWIFT_OPTIMIZATION_LEVEL = "-O";
				TEST_RECURSION_1 = 1;
				TEST_SPACES = "$(inherited)abc";
				VERSIONING_SYSTEM = "apple-generic";
			};
			name = Release;
		};
		7B591C97250B515400B6CA54 /* Debug */ = {
			isa = XCBuildConfiguration;
			baseConfigurationReference = 7B591C99250B51B400B6CA54 /* test.xcconfig */;
			buildSettings = {
				ALWAYS_EMBED_SWIFT_STANDARD_LIBRARIES = YES;
				ASSETCATALOG_COMPILER_APPICON_NAME = AppIcon;
				ASSETCATALOG_COMPILER_GLOBAL_ACCENT_COLOR_NAME = AccentColor;
				CODE_SIGN_ENTITLEMENTS = target1/target1.entitlements;
				CODE_SIGN_STYLE = Automatic;
				COMBINE_HIDPI_IMAGES = YES;
				COMMENT = "This_is_//shit";
				CURRENT_PROJECT_VERSION = 2;
				EMOJI = "👍🏼";
				GREEK = "𝛼";
				INFOPLIST_FILE = target1/Info.plist;
				LD_RUNPATH_SEARCH_PATHS = (
					"$(inherited)",
					"@executable_path/../Frameworks",
				);
				MARKETING_VERSION = 1.0.1;
				NBSP = "a b";
				NEWLINE = "hello\nworld";
				NEWPARAGRAPH = " ";
				PRODUCT_BUNDLE_IDENTIFIER = me.frizlab.project1;
				PRODUCT_NAME = "$(TARGET_NAME)";
				QUOTES_IN_PROJECT = "\"hello\"";
				QUOTES_IN_PROJECT_2 = "yoy'all";
				SEMICOLON = "hel;lo";
				SWIFT_VERSION = 5.0;
				TAB = "	";
				TAB2 = "	👍🏼";
				TAB3 = "a\t👍🏼";
				TEST_SPACES = "$(inherited)def";
				TRIPLE_UNDERSCORE = "hello___world";
			};
			name = Debug;
		};
		7B591C98250B515400B6CA54 /* Release */ = {
			isa = XCBuildConfiguration;
			baseConfigurationReference = 7B591C99250B51B400B6CA54 /* test.xcconfig */;
			buildSettings = {
				ALWAYS_EMBED_SWIFT_STANDARD_LIBRARIES = YES;
				ASSETCATALOG_COMPILER_APPICON_NAME = AppIcon;
				ASSETCATALOG_COMPILER_GLOBAL_ACCENT_COLOR_NAME = AccentColor;
				CODE_SIGN_ENTITLEMENTS = target1/target1.entitlements;
				CODE_SIGN_STYLE = Automatic;
				COMBINE_HIDPI_IMAGES = YES;
				COMMENT = "This_is_//shit";
				CURRENT_PROJECT_VERSION = 2;
				EMOJI = "👍🏼";
				GREEK = "𝛼";
				INFOPLIST_FILE = target1/Info.plist;
				LD_RUNPATH_SEARCH_PATHS = (
					"$(inherited)",
					"@executable_path/../Frameworks",
				);
				MARKETING_VERSION = 1.0.1;
				NBSP = "a b";
				NEWLINE = "hello\nworld";
				NEWPARAGRAPH = " ";
				PRODUCT_BUNDLE_IDENTIFIER = me.frizlab.project1;
				PRODUCT_NAME = "$(TARGET_NAME)";
				QUOTES_IN_PROJECT = "\"hello\"";
				QUOTES_IN_PROJECT_2 = "yoy'all";
				SEMICOLON = "hel;lo";
				SWIFT_VERSION = 5.0;
				TAB = "	";
				TAB2 = "	👍🏼";
				TAB3 = "a\t👍🏼";
				TEST_SPACES = "$(inherited)def";
				TRIPLE_UNDERSCORE = "hello___world";
			};
			name = Release;
		};
		7B591CB6250CE0E800B6CA54 /* Debug */ = {
			isa = XCBuildConfiguration;
			buildSettings = {
				CODE_SIGN_ENTITLEMENTS = target2/target2.entitlements;
				CODE_SIGN_STYLE = Automatic;
				COMBINE_HIDPI_IMAGES = YES;
				CURRENT_PROJECT_VERSION = 2;
				INFOPLIST_FILE = target2/Info.plist;
				LD_RUNPATH_SEARCH_PATHS = (
					"$(inherited)",
					"@executable_path/../Frameworks",
					"@executable_path/../../../../Frameworks",
				);
				MARKETING_VERSION = 1.0.1;
				PRODUCT_BUNDLE_IDENTIFIER = me.frizlab.project1.target2;
				PRODUCT_NAME = "$(TARGET_NAME)";
				SKIP_INSTALL = YES;
				SWIFT_VERSION = 5.0;
				VERSIONING_SYSTEM = "";
			};
			name = Debug;
		};
		7B591CB7250CE0E800B6CA54 /* Release */ = {
			isa = XCBuildConfiguration;
			buildSettings = {
				CODE_SIGN_ENTITLEMENTS = target2/target2.entitlements;
				CODE_SIGN_STYLE = Automatic;
				COMBINE_HIDPI_IMAGES = YES;
				CURRENT_PROJECT_VERSION = 2;
				INFOPLIST_FILE = target2/Info.plist;
				LD_RUNPATH_SEARCH_PATHS = (
					"$(inherited)",
					"@executable_path/../Frameworks",
					"@executable_path/../../../../Frameworks",
				);
				MARKETING_VERSION = 1.0.1;
				PRODUCT_BUNDLE_IDENTIFIER = me.frizlab.project1.target2;
				PRODUCT_NAME = "$(TARGET_NAME)";
				SKIP_INSTALL = YES;
				SWIFT_VERSION = 5.0;
				VERSIONING_SYSTEM = "";
			};
			name = Release;
		};
/* End XCBuildConfiguration section */

/* Begin XCConfigurationList section */
		7B591C81250B515200B6CA54 /* Build configuration list for PBXProject "Project 1" */ = {
			isa = XCConfigurationList;
			buildConfigurations = (
				7B591C94250B515400B6CA54 /* Debug */,
				7B591C95250B515400B6CA54 /* Release */,
			);
			defaultConfigurationIsVisible = 0;
			defaultConfigurationName = Release;
		};
		7B591C96250B515400B6CA54 /* Build configuration list for PBXNativeTarget "Target 1" */ = {
			isa = XCConfigurationList;
			buildConfigurations = (
				7B591C97250B515400B6CA54 /* Debug */,
				7B591C98250B515400B6CA54 /* Release */,
			);
			defaultConfigurationIsVisible = 0;
			defaultConfigurationName = Release;
		};
		7B591CB5250CE0E800B6CA54 /* Build configuration list for PBXNativeTarget "Target "2"" */ = {
			isa = XCConfigurationList;
			buildConfigurations = (
				7B591CB6250CE0E800B6CA54 /* Debug */,
				7B591CB7250CE0E800B6CA54 /* Release */,
			);
			defaultConfigurationIsVisible = 0;
			defaultConfigurationName = Release;
		};
/* End XCConfigurationList section */
	};
	rootObject = 7B591C7E250B515200B6CA54 /* Project object */;
}
